
Microsoft Visual Studio Solution File, Format Version 12.00
# Visual Studio Version 17
VisualStudioVersion = 17.3.32819.101
MinimumVisualStudioVersion = 10.0.40219.1
Project("{9A19103F-16F7-4668-BE54-9A1E7A4F7556}") = "SLApps", "SLApps\SLApps.csproj", "{8CB4355E-52C9-4698-B459-0417764AAEC8}"
EndProject
Project("{FAE04EC0-301F-11D3-BF4B-00C04F79EFBC}") = "SLAppsDataAccess", "SLAppsDataAccess\SLAppsDataAccess.csproj", "{17BB70A9-6638-464F-ACD3-C3C376465EF2}"
EndProject
Project("{FAE04EC0-301F-11D3-BF4B-00C04F79EFBC}") = "SLAppsModels", "SLAppsModels\SLAppsModels.csproj", "{EC84D7EC-C789-47F4-80D8-65CD4593EBC4}"
EndProject
Project("{FAE04EC0-301F-11D3-BF4B-00C04F79EFBC}") = "SLAppsUtility", "SLAppsUtility\SLAppsUtility.csproj", "{15172E9E-652D-412A-983D-43F9AECE3D1C}"
EndProject
Global
	GlobalSection(SolutionConfigurationPlatforms) = preSolution
		Debug|Any CPU = Debug|Any CPU
		Release|Any CPU = Release|Any CPU
	EndGlobalSection
	GlobalSection(ProjectConfigurationPlatforms) = postSolution
		{8CB4355E-52C9-4698-B459-0417764AAEC8}.Debug|Any CPU.ActiveCfg = Debug|Any CPU
		{8CB4355E-52C9-4698-B459-0417764AAEC8}.Debug|Any CPU.Build.0 = Debug|Any CPU
		{8CB4355E-52C9-4698-B459-0417764AAEC8}.Release|Any CPU.ActiveCfg = Release|Any CPU
		{8CB4355E-52C9-4698-B459-0417764AAEC8}.Release|Any CPU.Build.0 = Release|Any CPU
		{17BB70A9-6638-464F-ACD3-C3C376465EF2}.Debug|Any CPU.ActiveCfg = Debug|Any CPU
		{17BB70A9-6638-464F-ACD3-C3C376465EF2}.Debug|Any CPU.Build.0 = Debug|Any CPU
		{17BB70A9-6638-464F-ACD3-C3C376465EF2}.Release|Any CPU.ActiveCfg = Release|Any CPU
		{17BB70A9-6638-464F-ACD3-C3C376465EF2}.Release|Any CPU.Build.0 = Release|Any CPU
		{EC84D7EC-C789-47F4-80D8-65CD4593EBC4}.Debug|Any CPU.ActiveCfg = Debug|Any CPU
		{EC84D7EC-C789-47F4-80D8-65CD4593EBC4}.Debug|Any CPU.Build.0 = Debug|Any CPU
		{EC84D7EC-C789-47F4-80D8-65CD4593EBC4}.Release|Any CPU.ActiveCfg = Release|Any CPU
		{EC84D7EC-C789-47F4-80D8-65CD4593EBC4}.Release|Any CPU.Build.0 = Release|Any CPU
		{15172E9E-652D-412A-983D-43F9AECE3D1C}.Debug|Any CPU.ActiveCfg = Debug|Any CPU
		{15172E9E-652D-412A-983D-43F9AECE3D1C}.Debug|Any CPU.Build.0 = Debug|Any CPU
		{15172E9E-652D-412A-983D-43F9AECE3D1C}.Release|Any CPU.ActiveCfg = Release|Any CPU
		{15172E9E-652D-412A-983D-43F9AECE3D1C}.Release|Any CPU.Build.0 = Release|Any CPU
	EndGlobalSection
	GlobalSection(SolutionProperties) = preSolution
		HideSolutionNode = FALSE
	EndGlobalSection
	GlobalSection(ExtensibilityGlobals) = postSolution
		SolutionGuid = {3A9D3928-D66A-4604-B935-3A36C9344043}
	EndGlobalSection
EndGlobal
